
Microsoft Visual Studio Solution File, Format Version 12.00
# Visual Studio Version 17
VisualStudioVersion = 17.2.32317.152
MinimumVisualStudioVersion = 10.0.40219.1
Project("{9A19103F-16F7-4668-BE54-9A1E7A4F7556}") = "SharedMauiCoreLibrary", "SharedMauiCoreLibrary\SharedMauiCoreLibrary.csproj", "{9B283D7C-1C1C-4DB6-9A2F-A10FE77D869D}"
EndProject
Project("{2150E333-8FDC-42A3-9474-1A3956D46DE8}") = "Solution Items", "Solution Items", "{137C492A-7E0D-4B3C-8E99-F0F398DA7667}"
	ProjectSection(SolutionItems) = preProject
		..\common.props = ..\common.props
	EndProjectSection
EndProject
Project("{9A19103F-16F7-4668-BE54-9A1E7A4F7556}") = "SharedMauiCoreLibrary.Licensing", "SharedMauiCoreLibrary.Licensing\SharedMauiCoreLibrary.Licensing.csproj", "{AD6424CD-DC6A-43C5-8439-1EE6FF85FFDD}"
EndProject
Global
	GlobalSection(SolutionConfigurationPlatforms) = preSolution
		Debug|Any CPU = Debug|Any CPU
		Release|Any CPU = Release|Any CPU
	EndGlobalSection
	GlobalSection(ProjectConfigurationPlatforms) = postSolution
		{9B283D7C-1C1C-4DB6-9A2F-A10FE77D869D}.Debug|Any CPU.ActiveCfg = Debug|Any CPU
		{9B283D7C-1C1C-4DB6-9A2F-A10FE77D869D}.Debug|Any CPU.Build.0 = Debug|Any CPU
		{9B283D7C-1C1C-4DB6-9A2F-A10FE77D869D}.Release|Any CPU.ActiveCfg = Release|Any CPU
		{9B283D7C-1C1C-4DB6-9A2F-A10FE77D869D}.Release|Any CPU.Build.0 = Release|Any CPU
		{AD6424CD-DC6A-43C5-8439-1EE6FF85FFDD}.Debug|Any CPU.ActiveCfg = Debug|Any CPU
		{AD6424CD-DC6A-43C5-8439-1EE6FF85FFDD}.Debug|Any CPU.Build.0 = Debug|Any CPU
		{AD6424CD-DC6A-43C5-8439-1EE6FF85FFDD}.Release|Any CPU.ActiveCfg = Release|Any CPU
		{AD6424CD-DC6A-43C5-8439-1EE6FF85FFDD}.Release|Any CPU.Build.0 = Release|Any CPU
	EndGlobalSection
	GlobalSection(SolutionProperties) = preSolution
		HideSolutionNode = FALSE
	EndGlobalSection
	GlobalSection(ExtensibilityGlobals) = postSolution
		SolutionGuid = {1E9B6BBF-614A-4B83-9508-8F7CADF9D31D}
	EndGlobalSection
EndGlobal
