
Microsoft Visual Studio Solution File, Format Version 12.00
# Visual Studio Version 17
VisualStudioVersion = 17.14.36915.13 d17.14
MinimumVisualStudioVersion = 10.0.40219.1
Project("{9A19103F-16F7-4668-BE54-9A1E7A4F7556}") = "SharedMauiCoreLibrary", "SharedMauiCoreLibrary\SharedMauiCoreLibrary.csproj", "{9B283D7C-1C1C-4DB6-9A2F-A10FE77D869D}"
EndProject
Project("{2150E333-8FDC-42A3-9474-1A3956D46DE8}") = "Solution Items", "Solution Items", "{137C492A-7E0D-4B3C-8E99-F0F398DA7667}"
	ProjectSection(SolutionItems) = preProject
		..\common.props = ..\common.props
		..\conditions.props = ..\conditions.props
		..\framework.maui.props = ..\framework.maui.props
		global.json = global.json
		nuget.config = nuget.config
	EndProjectSection
EndProject
Project("{9A19103F-16F7-4668-BE54-9A1E7A4F7556}") = "SharedMauiCoreLibrary.Licensing", "SharedMauiCoreLibrary.Licensing\SharedMauiCoreLibrary.Licensing.csproj", "{AD6424CD-DC6A-43C5-8439-1EE6FF85FFDD}"
EndProject
Project("{9A19103F-16F7-4668-BE54-9A1E7A4F7556}") = "SharedMauiCoreLibrary.Test", "SharedMauiCoreLibrary.Test\SharedMauiCoreLibrary.Test.csproj", "{CBC11BD4-540F-453D-94AB-29A6B68714A0}"
EndProject
Project("{9A19103F-16F7-4668-BE54-9A1E7A4F7556}") = "SharedNetCoreLibrary", "SharedNetCoreLibrary\SharedNetCoreLibrary.csproj", "{4A707836-BF84-4F80-8FC9-C54637C5B9B7}"
EndProject
Project("{FAE04EC0-301F-11D3-BF4B-00C04F79EFBC}") = "SharedNetCoreLibrary.Firebase", "SharedNetCoreLibrary.Firebase\SharedNetCoreLibrary.Firebase.csproj", "{00586AAB-E222-3DD5-C7DE-656505FA6191}"
EndProject
Global
	GlobalSection(SolutionConfigurationPlatforms) = preSolution
		Debug|Any CPU = Debug|Any CPU
		Release|Any CPU = Release|Any CPU
	EndGlobalSection
	GlobalSection(ProjectConfigurationPlatforms) = postSolution
		{9B283D7C-1C1C-4DB6-9A2F-A10FE77D869D}.Debug|Any CPU.ActiveCfg = Debug|Any CPU
		{9B283D7C-1C1C-4DB6-9A2F-A10FE77D869D}.Debug|Any CPU.Build.0 = Debug|Any CPU
		{9B283D7C-1C1C-4DB6-9A2F-A10FE77D869D}.Release|Any CPU.ActiveCfg = Release|Any CPU
		{9B283D7C-1C1C-4DB6-9A2F-A10FE77D869D}.Release|Any CPU.Build.0 = Release|Any CPU
		{AD6424CD-DC6A-43C5-8439-1EE6FF85FFDD}.Debug|Any CPU.ActiveCfg = Debug|Any CPU
		{AD6424CD-DC6A-43C5-8439-1EE6FF85FFDD}.Debug|Any CPU.Build.0 = Debug|Any CPU
		{AD6424CD-DC6A-43C5-8439-1EE6FF85FFDD}.Release|Any CPU.ActiveCfg = Release|Any CPU
		{AD6424CD-DC6A-43C5-8439-1EE6FF85FFDD}.Release|Any CPU.Build.0 = Release|Any CPU
		{CBC11BD4-540F-453D-94AB-29A6B68714A0}.Debug|Any CPU.ActiveCfg = Debug|Any CPU
		{CBC11BD4-540F-453D-94AB-29A6B68714A0}.Debug|Any CPU.Build.0 = Debug|Any CPU
		{CBC11BD4-540F-453D-94AB-29A6B68714A0}.Release|Any CPU.ActiveCfg = Release|Any CPU
		{CBC11BD4-540F-453D-94AB-29A6B68714A0}.Release|Any CPU.Build.0 = Release|Any CPU
		{4A707836-BF84-4F80-8FC9-C54637C5B9B7}.Debug|Any CPU.ActiveCfg = Debug|Any CPU
		{4A707836-BF84-4F80-8FC9-C54637C5B9B7}.Debug|Any CPU.Build.0 = Debug|Any CPU
		{4A707836-BF84-4F80-8FC9-C54637C5B9B7}.Release|Any CPU.ActiveCfg = Release|Any CPU
		{4A707836-BF84-4F80-8FC9-C54637C5B9B7}.Release|Any CPU.Build.0 = Release|Any CPU
		{00586AAB-E222-3DD5-C7DE-656505FA6191}.Debug|Any CPU.ActiveCfg = Debug|Any CPU
		{00586AAB-E222-3DD5-C7DE-656505FA6191}.Debug|Any CPU.Build.0 = Debug|Any CPU
		{00586AAB-E222-3DD5-C7DE-656505FA6191}.Release|Any CPU.ActiveCfg = Release|Any CPU
		{00586AAB-E222-3DD5-C7DE-656505FA6191}.Release|Any CPU.Build.0 = Release|Any CPU
	EndGlobalSection
	GlobalSection(SolutionProperties) = preSolution
		HideSolutionNode = FALSE
	EndGlobalSection
	GlobalSection(ExtensibilityGlobals) = postSolution
		SolutionGuid = {1E9B6BBF-614A-4B83-9508-8F7CADF9D31D}
	EndGlobalSection
EndGlobal
